
Microsoft Visual Studio Solution File, Format Version 12.00
# Visual Studio 2013
VisualStudioVersion = 12.0.31101.0
MinimumVisualStudioVersion = 10.0.40219.1
Project("{FAE04EC0-301F-11D3-BF4B-00C04F79EFBC}") = "OrchestraShell2", "OrchestraShell2\OrchestraShell2.csproj", "{C23F45C6-9901-43BC-8CA7-D805B48BC3C9}"
EndProject
Global
	GlobalSection(SolutionConfigurationPlatforms) = preSolution
		Debug|Any CPU = Debug|Any CPU
		Release|Any CPU = Release|Any CPU
	EndGlobalSection
	GlobalSection(ProjectConfigurationPlatforms) = postSolution
		{C23F45C6-9901-43BC-8CA7-D805B48BC3C9}.Debug|Any CPU.ActiveCfg = Debug|Any CPU
		{C23F45C6-9901-43BC-8CA7-D805B48BC3C9}.Debug|Any CPU.Build.0 = Debug|Any CPU
		{C23F45C6-9901-43BC-8CA7-D805B48BC3C9}.Release|Any CPU.ActiveCfg = Release|Any CPU
		{C23F45C6-9901-43BC-8CA7-D805B48BC3C9}.Release|Any CPU.Build.0 = Release|Any CPU
	EndGlobalSection
	GlobalSection(SolutionProperties) = preSolution
		HideSolutionNode = FALSE
	EndGlobalSection
EndGlobal
